
Microsoft Visual Studio Solution File, Format Version 12.00
# Visual Studio Version 16
VisualStudioVersion = 16.0.29201.188
MinimumVisualStudioVersion = 10.0.40219.1
Project("{FAE04EC0-301F-11D3-BF4B-00C04F79EFBC}") = "XmlSerializationDemo", "XmlSerializationDemo\XmlSerializationDemo.csproj", "{4CFEF729-AF36-4311-8500-63B5E6247CC6}"
EndProject
Project("{FAE04EC0-301F-11D3-BF4B-00C04F79EFBC}") = "CbarService", "CbarService\CbarService.csproj", "{0ECAF4AA-18E7-4331-9537-2F27A00F9EAA}"
EndProject
Global
	GlobalSection(SolutionConfigurationPlatforms) = preSolution
		Debug|Any CPU = Debug|Any CPU
		Release|Any CPU = Release|Any CPU
	EndGlobalSection
	GlobalSection(ProjectConfigurationPlatforms) = postSolution
		{4CFEF729-AF36-4311-8500-63B5E6247CC6}.Debug|Any CPU.ActiveCfg = Debug|Any CPU
		{4CFEF729-AF36-4311-8500-63B5E6247CC6}.Debug|Any CPU.Build.0 = Debug|Any CPU
		{4CFEF729-AF36-4311-8500-63B5E6247CC6}.Release|Any CPU.ActiveCfg = Release|Any CPU
		{4CFEF729-AF36-4311-8500-63B5E6247CC6}.Release|Any CPU.Build.0 = Release|Any CPU
		{0ECAF4AA-18E7-4331-9537-2F27A00F9EAA}.Debug|Any CPU.ActiveCfg = Debug|Any CPU
		{0ECAF4AA-18E7-4331-9537-2F27A00F9EAA}.Debug|Any CPU.Build.0 = Debug|Any CPU
		{0ECAF4AA-18E7-4331-9537-2F27A00F9EAA}.Release|Any CPU.ActiveCfg = Release|Any CPU
		{0ECAF4AA-18E7-4331-9537-2F27A00F9EAA}.Release|Any CPU.Build.0 = Release|Any CPU
	EndGlobalSection
	GlobalSection(SolutionProperties) = preSolution
		HideSolutionNode = FALSE
	EndGlobalSection
	GlobalSection(ExtensibilityGlobals) = postSolution
		SolutionGuid = {4FD02BC4-7997-4E3A-8EBC-7AFA461611E2}
	EndGlobalSection
EndGlobal
